
Microsoft Visual Studio Solution File, Format Version 12.00
# Visual Studio Version 16
VisualStudioVersion = 16.0.30717.126
MinimumVisualStudioVersion = 10.0.40219.1
Project("{2150E333-8FDC-42A3-9474-1A3956D46DE8}") = "docs", "docs", "{8B23EB0F-DA8E-4F87-B6CF-21986ED7EF2B}"
EndProject
Project("{2150E333-8FDC-42A3-9474-1A3956D46DE8}") = "perf", "perf", "{A6D3729D-0F5E-44C2-84A8-61EBCAA76458}"
EndProject
Project("{2150E333-8FDC-42A3-9474-1A3956D46DE8}") = "src", "src", "{1ECBE056-C3EC-465F-B827-E936AFC32524}"
EndProject
Project("{9A19103F-16F7-4668-BE54-9A1E7A4F7556}") = "OpenWc3", "src\OpenWc3\OpenWc3.csproj", "{3A17BEA4-B8E6-4099-BAC2-7CB3412B063A}"
EndProject
Project("{2150E333-8FDC-42A3-9474-1A3956D46DE8}") = "submodules", "submodules", "{747007D0-6691-4D0F-B9B4-4FB73C735186}"
EndProject
Project("{9A19103F-16F7-4668-BE54-9A1E7A4F7556}") = "CSharp.lua", "submodules\War3Net\submodules\CSharp.lua\CSharp.lua\CSharp.lua.csproj", "{F8A0A230-76FB-46C9-A657-0C6E1C6B0317}"
EndProject
Project("{9A19103F-16F7-4668-BE54-9A1E7A4F7556}") = "FastMDX", "submodules\War3Net\submodules\FastMDX\FastMDX\FastMDX.csproj", "{8DF1DF16-AA10-4DEB-8BC8-7F78CD950FAE}"
EndProject
Project("{9A19103F-16F7-4668-BE54-9A1E7A4F7556}") = "War3Net.Build.Core", "submodules\War3Net\src\War3Net.Build.Core\War3Net.Build.Core.csproj", "{6F0BFBE8-B55E-40DF-AD63-959219014923}"
EndProject
Project("{9A19103F-16F7-4668-BE54-9A1E7A4F7556}") = "War3Net.CodeAnalysis", "submodules\War3Net\src\War3Net.CodeAnalysis\War3Net.CodeAnalysis.csproj", "{55964B01-8CAE-45BF-A1C5-036E38311943}"
EndProject
Project("{9A19103F-16F7-4668-BE54-9A1E7A4F7556}") = "War3Net.CodeAnalysis.Jass", "submodules\War3Net\src\War3Net.CodeAnalysis.Jass\War3Net.CodeAnalysis.Jass.csproj", "{2D3F1D8D-3346-4581-93FE-27A994032DCD}"
EndProject
Project("{9A19103F-16F7-4668-BE54-9A1E7A4F7556}") = "War3Net.CodeAnalysis.Transpilers", "submodules\War3Net\src\War3Net.CodeAnalysis.Transpilers\War3Net.CodeAnalysis.Transpilers.csproj", "{79097BA7-A022-4869-BE34-7B896B06A6E1}"
EndProject
Project("{9A19103F-16F7-4668-BE54-9A1E7A4F7556}") = "War3Net.Common", "submodules\War3Net\src\War3Net.Common\War3Net.Common.csproj", "{1CFBF6C1-D4B3-48CC-ACA9-5A75BAE0BB6B}"
EndProject
Project("{9A19103F-16F7-4668-BE54-9A1E7A4F7556}") = "War3Net.Drawing.Blp", "submodules\War3Net\src\War3Net.Drawing.Blp\War3Net.Drawing.Blp.csproj", "{E1C31F35-E0BA-4F9E-B0BF-7A4B0F7335CA}"
EndProject
Project("{9A19103F-16F7-4668-BE54-9A1E7A4F7556}") = "War3Net.IO.Compression", "submodules\War3Net\src\War3Net.IO.Compression\War3Net.IO.Compression.csproj", "{CC818214-0444-48B1-A1B9-63287C6A6C6D}"
EndProject
Project("{9A19103F-16F7-4668-BE54-9A1E7A4F7556}") = "War3Net.IO.Mpq", "submodules\War3Net\src\War3Net.IO.Mpq\War3Net.IO.Mpq.csproj", "{97380857-EB6E-42B8-BEBB-CECD23A0B0FA}"
EndProject
Project("{9A19103F-16F7-4668-BE54-9A1E7A4F7556}") = "War3Net.IO.Slk", "submodules\War3Net\src\War3Net.IO.Slk\War3Net.IO.Slk.csproj", "{8D669B89-17B5-4E76-BE2E-0E0EB499E6BB}"
EndProject
Project("{9A19103F-16F7-4668-BE54-9A1E7A4F7556}") = "War3Net.Modeling", "submodules\War3Net\src\War3Net.Modeling\War3Net.Modeling.csproj", "{EFAB6688-82CC-474F-8115-FA9382C96C88}"
EndProject
Project("{9A19103F-16F7-4668-BE54-9A1E7A4F7556}") = "War3Net.Rendering", "submodules\War3Net\src\War3Net.Rendering\War3Net.Rendering.csproj", "{0CEC939C-5B7D-48DD-B003-D562487CA779}"
EndProject
Project("{9A19103F-16F7-4668-BE54-9A1E7A4F7556}") = "War3Net.Replay", "submodules\War3Net\src\War3Net.Replay\War3Net.Replay.csproj", "{1C574C9C-68D2-4DC1-985C-F05E1EC39ADC}"
EndProject
Project("{9A19103F-16F7-4668-BE54-9A1E7A4F7556}") = "War3Net.Runtime", "submodules\War3Net\src\War3Net.Runtime\War3Net.Runtime.csproj", "{1E01CB60-8EA6-4A7B-B40D-B1EA19F24FB7}"
EndProject
Project("{9A19103F-16F7-4668-BE54-9A1E7A4F7556}") = "War3Net.Runtime.Api.Common", "submodules\War3Net\src\War3Net.Runtime.Api.Common\War3Net.Runtime.Api.Common.csproj", "{5A57F3C4-A5CF-4D87-B0C1-257EBD79198F}"
EndProject
Project("{9A19103F-16F7-4668-BE54-9A1E7A4F7556}") = "War3Net.Runtime.Api.Blizzard", "submodules\War3Net\src\War3Net.Runtime.Api.Blizzard\War3Net.Runtime.Api.Blizzard.csproj", "{7CB20E52-54D5-40FA-907F-5BF6CBD02A31}"
EndProject
Project("{9A19103F-16F7-4668-BE54-9A1E7A4F7556}") = "War3Net.Runtime.Core", "submodules\War3Net\src\War3Net.Runtime.Core\War3Net.Runtime.Core.csproj", "{33EDC3DA-C9F7-4BD3-A20B-AC1171B9A3B5}"
EndProject
Project("{2150E333-8FDC-42A3-9474-1A3956D46DE8}") = "tests", "tests", "{AB2CA373-CD7A-4F0E-A96A-2F5130E82E59}"
EndProject
Global
	GlobalSection(SolutionConfigurationPlatforms) = preSolution
		Debug|Any CPU = Debug|Any CPU
		Release|Any CPU = Release|Any CPU
	EndGlobalSection
	GlobalSection(ProjectConfigurationPlatforms) = postSolution
		{3A17BEA4-B8E6-4099-BAC2-7CB3412B063A}.Debug|Any CPU.ActiveCfg = Debug|Any CPU
		{3A17BEA4-B8E6-4099-BAC2-7CB3412B063A}.Debug|Any CPU.Build.0 = Debug|Any CPU
		{3A17BEA4-B8E6-4099-BAC2-7CB3412B063A}.Release|Any CPU.ActiveCfg = Release|Any CPU
		{3A17BEA4-B8E6-4099-BAC2-7CB3412B063A}.Release|Any CPU.Build.0 = Release|Any CPU
		{F8A0A230-76FB-46C9-A657-0C6E1C6B0317}.Debug|Any CPU.ActiveCfg = Debug|Any CPU
		{F8A0A230-76FB-46C9-A657-0C6E1C6B0317}.Debug|Any CPU.Build.0 = Debug|Any CPU
		{F8A0A230-76FB-46C9-A657-0C6E1C6B0317}.Release|Any CPU.ActiveCfg = Release|Any CPU
		{F8A0A230-76FB-46C9-A657-0C6E1C6B0317}.Release|Any CPU.Build.0 = Release|Any CPU
		{6F0BFBE8-B55E-40DF-AD63-959219014923}.Debug|Any CPU.ActiveCfg = Debug|Any CPU
		{6F0BFBE8-B55E-40DF-AD63-959219014923}.Debug|Any CPU.Build.0 = Debug|Any CPU
		{6F0BFBE8-B55E-40DF-AD63-959219014923}.Release|Any CPU.ActiveCfg = Release|Any CPU
		{6F0BFBE8-B55E-40DF-AD63-959219014923}.Release|Any CPU.Build.0 = Release|Any CPU
		{2D3F1D8D-3346-4581-93FE-27A994032DCD}.Debug|Any CPU.ActiveCfg = Debug|Any CPU
		{2D3F1D8D-3346-4581-93FE-27A994032DCD}.Debug|Any CPU.Build.0 = Debug|Any CPU
		{2D3F1D8D-3346-4581-93FE-27A994032DCD}.Release|Any CPU.ActiveCfg = Release|Any CPU
		{2D3F1D8D-3346-4581-93FE-27A994032DCD}.Release|Any CPU.Build.0 = Release|Any CPU
		{79097BA7-A022-4869-BE34-7B896B06A6E1}.Debug|Any CPU.ActiveCfg = Debug|Any CPU
		{79097BA7-A022-4869-BE34-7B896B06A6E1}.Debug|Any CPU.Build.0 = Debug|Any CPU
		{79097BA7-A022-4869-BE34-7B896B06A6E1}.Release|Any CPU.ActiveCfg = Release|Any CPU
		{79097BA7-A022-4869-BE34-7B896B06A6E1}.Release|Any CPU.Build.0 = Release|Any CPU
		{1CFBF6C1-D4B3-48CC-ACA9-5A75BAE0BB6B}.Debug|Any CPU.ActiveCfg = Debug|Any CPU
		{1CFBF6C1-D4B3-48CC-ACA9-5A75BAE0BB6B}.Debug|Any CPU.Build.0 = Debug|Any CPU
		{1CFBF6C1-D4B3-48CC-ACA9-5A75BAE0BB6B}.Release|Any CPU.ActiveCfg = Release|Any CPU
		{1CFBF6C1-D4B3-48CC-ACA9-5A75BAE0BB6B}.Release|Any CPU.Build.0 = Release|Any CPU
		{E1C31F35-E0BA-4F9E-B0BF-7A4B0F7335CA}.Debug|Any CPU.ActiveCfg = Debug|Any CPU
		{E1C31F35-E0BA-4F9E-B0BF-7A4B0F7335CA}.Debug|Any CPU.Build.0 = Debug|Any CPU
		{E1C31F35-E0BA-4F9E-B0BF-7A4B0F7335CA}.Release|Any CPU.ActiveCfg = Release|Any CPU
		{E1C31F35-E0BA-4F9E-B0BF-7A4B0F7335CA}.Release|Any CPU.Build.0 = Release|Any CPU
		{CC818214-0444-48B1-A1B9-63287C6A6C6D}.Debug|Any CPU.ActiveCfg = Debug|Any CPU
		{CC818214-0444-48B1-A1B9-63287C6A6C6D}.Debug|Any CPU.Build.0 = Debug|Any CPU
		{CC818214-0444-48B1-A1B9-63287C6A6C6D}.Release|Any CPU.ActiveCfg = Release|Any CPU
		{CC818214-0444-48B1-A1B9-63287C6A6C6D}.Release|Any CPU.Build.0 = Release|Any CPU
		{97380857-EB6E-42B8-BEBB-CECD23A0B0FA}.Debug|Any CPU.ActiveCfg = Debug|Any CPU
		{97380857-EB6E-42B8-BEBB-CECD23A0B0FA}.Debug|Any CPU.Build.0 = Debug|Any CPU
		{97380857-EB6E-42B8-BEBB-CECD23A0B0FA}.Release|Any CPU.ActiveCfg = Release|Any CPU
		{97380857-EB6E-42B8-BEBB-CECD23A0B0FA}.Release|Any CPU.Build.0 = Release|Any CPU
		{8D669B89-17B5-4E76-BE2E-0E0EB499E6BB}.Debug|Any CPU.ActiveCfg = Debug|Any CPU
		{8D669B89-17B5-4E76-BE2E-0E0EB499E6BB}.Debug|Any CPU.Build.0 = Debug|Any CPU
		{8D669B89-17B5-4E76-BE2E-0E0EB499E6BB}.Release|Any CPU.ActiveCfg = Release|Any CPU
		{8D669B89-17B5-4E76-BE2E-0E0EB499E6BB}.Release|Any CPU.Build.0 = Release|Any CPU
		{EFAB6688-82CC-474F-8115-FA9382C96C88}.Debug|Any CPU.ActiveCfg = Debug|Any CPU
		{EFAB6688-82CC-474F-8115-FA9382C96C88}.Debug|Any CPU.Build.0 = Debug|Any CPU
		{EFAB6688-82CC-474F-8115-FA9382C96C88}.Release|Any CPU.ActiveCfg = Release|Any CPU
		{EFAB6688-82CC-474F-8115-FA9382C96C88}.Release|Any CPU.Build.0 = Release|Any CPU
		{0CEC939C-5B7D-48DD-B003-D562487CA779}.Debug|Any CPU.ActiveCfg = Debug|Any CPU
		{0CEC939C-5B7D-48DD-B003-D562487CA779}.Debug|Any CPU.Build.0 = Debug|Any CPU
		{0CEC939C-5B7D-48DD-B003-D562487CA779}.Release|Any CPU.ActiveCfg = Release|Any CPU
		{0CEC939C-5B7D-48DD-B003-D562487CA779}.Release|Any CPU.Build.0 = Release|Any CPU
		{1C574C9C-68D2-4DC1-985C-F05E1EC39ADC}.Debug|Any CPU.ActiveCfg = Debug|Any CPU
		{1C574C9C-68D2-4DC1-985C-F05E1EC39ADC}.Debug|Any CPU.Build.0 = Debug|Any CPU
		{1C574C9C-68D2-4DC1-985C-F05E1EC39ADC}.Release|Any CPU.ActiveCfg = Release|Any CPU
		{1C574C9C-68D2-4DC1-985C-F05E1EC39ADC}.Release|Any CPU.Build.0 = Release|Any CPU
		{5A57F3C4-A5CF-4D87-B0C1-257EBD79198F}.Debug|Any CPU.ActiveCfg = Debug|Any CPU
		{5A57F3C4-A5CF-4D87-B0C1-257EBD79198F}.Debug|Any CPU.Build.0 = Debug|Any CPU
		{5A57F3C4-A5CF-4D87-B0C1-257EBD79198F}.Release|Any CPU.ActiveCfg = Release|Any CPU
		{5A57F3C4-A5CF-4D87-B0C1-257EBD79198F}.Release|Any CPU.Build.0 = Release|Any CPU
		{7CB20E52-54D5-40FA-907F-5BF6CBD02A31}.Debug|Any CPU.ActiveCfg = Debug|Any CPU
		{7CB20E52-54D5-40FA-907F-5BF6CBD02A31}.Debug|Any CPU.Build.0 = Debug|Any CPU
		{7CB20E52-54D5-40FA-907F-5BF6CBD02A31}.Release|Any CPU.ActiveCfg = Release|Any CPU
		{7CB20E52-54D5-40FA-907F-5BF6CBD02A31}.Release|Any CPU.Build.0 = Release|Any CPU
		{33EDC3DA-C9F7-4BD3-A20B-AC1171B9A3B5}.Debug|Any CPU.ActiveCfg = Debug|Any CPU
		{33EDC3DA-C9F7-4BD3-A20B-AC1171B9A3B5}.Debug|Any CPU.Build.0 = Debug|Any CPU
		{33EDC3DA-C9F7-4BD3-A20B-AC1171B9A3B5}.Release|Any CPU.ActiveCfg = Release|Any CPU
		{33EDC3DA-C9F7-4BD3-A20B-AC1171B9A3B5}.Release|Any CPU.Build.0 = Release|Any CPU
		{1E01CB60-8EA6-4A7B-B40D-B1EA19F24FB7}.Debug|Any CPU.ActiveCfg = Debug|Any CPU
		{1E01CB60-8EA6-4A7B-B40D-B1EA19F24FB7}.Debug|Any CPU.Build.0 = Debug|Any CPU
		{1E01CB60-8EA6-4A7B-B40D-B1EA19F24FB7}.Release|Any CPU.ActiveCfg = Release|Any CPU
		{1E01CB60-8EA6-4A7B-B40D-B1EA19F24FB7}.Release|Any CPU.Build.0 = Release|Any CPU
		{55964B01-8CAE-45BF-A1C5-036E38311943}.Debug|Any CPU.ActiveCfg = Debug|Any CPU
		{55964B01-8CAE-45BF-A1C5-036E38311943}.Debug|Any CPU.Build.0 = Debug|Any CPU
		{55964B01-8CAE-45BF-A1C5-036E38311943}.Release|Any CPU.ActiveCfg = Release|Any CPU
		{55964B01-8CAE-45BF-A1C5-036E38311943}.Release|Any CPU.Build.0 = Release|Any CPU
		{8DF1DF16-AA10-4DEB-8BC8-7F78CD950FAE}.Debug|Any CPU.ActiveCfg = Debug|Any CPU
		{8DF1DF16-AA10-4DEB-8BC8-7F78CD950FAE}.Debug|Any CPU.Build.0 = Debug|Any CPU
		{8DF1DF16-AA10-4DEB-8BC8-7F78CD950FAE}.Release|Any CPU.ActiveCfg = Release|Any CPU
		{8DF1DF16-AA10-4DEB-8BC8-7F78CD950FAE}.Release|Any CPU.Build.0 = Release|Any CPU
	EndGlobalSection
	GlobalSection(SolutionProperties) = preSolution
		HideSolutionNode = FALSE
	EndGlobalSection
	GlobalSection(NestedProjects) = preSolution
		{3A17BEA4-B8E6-4099-BAC2-7CB3412B063A} = {1ECBE056-C3EC-465F-B827-E936AFC32524}
		{F8A0A230-76FB-46C9-A657-0C6E1C6B0317} = {747007D0-6691-4D0F-B9B4-4FB73C735186}
		{6F0BFBE8-B55E-40DF-AD63-959219014923} = {747007D0-6691-4D0F-B9B4-4FB73C735186}
		{2D3F1D8D-3346-4581-93FE-27A994032DCD} = {747007D0-6691-4D0F-B9B4-4FB73C735186}
		{79097BA7-A022-4869-BE34-7B896B06A6E1} = {747007D0-6691-4D0F-B9B4-4FB73C735186}
		{1CFBF6C1-D4B3-48CC-ACA9-5A75BAE0BB6B} = {747007D0-6691-4D0F-B9B4-4FB73C735186}
		{E1C31F35-E0BA-4F9E-B0BF-7A4B0F7335CA} = {747007D0-6691-4D0F-B9B4-4FB73C735186}
		{CC818214-0444-48B1-A1B9-63287C6A6C6D} = {747007D0-6691-4D0F-B9B4-4FB73C735186}
		{97380857-EB6E-42B8-BEBB-CECD23A0B0FA} = {747007D0-6691-4D0F-B9B4-4FB73C735186}
		{8D669B89-17B5-4E76-BE2E-0E0EB499E6BB} = {747007D0-6691-4D0F-B9B4-4FB73C735186}
		{EFAB6688-82CC-474F-8115-FA9382C96C88} = {747007D0-6691-4D0F-B9B4-4FB73C735186}
		{0CEC939C-5B7D-48DD-B003-D562487CA779} = {747007D0-6691-4D0F-B9B4-4FB73C735186}
		{1C574C9C-68D2-4DC1-985C-F05E1EC39ADC} = {747007D0-6691-4D0F-B9B4-4FB73C735186}
		{5A57F3C4-A5CF-4D87-B0C1-257EBD79198F} = {747007D0-6691-4D0F-B9B4-4FB73C735186}
		{7CB20E52-54D5-40FA-907F-5BF6CBD02A31} = {747007D0-6691-4D0F-B9B4-4FB73C735186}
		{33EDC3DA-C9F7-4BD3-A20B-AC1171B9A3B5} = {747007D0-6691-4D0F-B9B4-4FB73C735186}
		{1E01CB60-8EA6-4A7B-B40D-B1EA19F24FB7} = {747007D0-6691-4D0F-B9B4-4FB73C735186}
		{55964B01-8CAE-45BF-A1C5-036E38311943} = {747007D0-6691-4D0F-B9B4-4FB73C735186}
		{8DF1DF16-AA10-4DEB-8BC8-7F78CD950FAE} = {747007D0-6691-4D0F-B9B4-4FB73C735186}
	EndGlobalSection
	GlobalSection(ExtensibilityGlobals) = postSolution
		SolutionGuid = {C1186147-FC55-4D0C-BF36-686DE0E7E390}
	EndGlobalSection
EndGlobal
